{
    "version": 3,
    "terraform_version": "0.9.8",
    "serial": 22,
    "lineage": "64e4fe5f-d547-4b34-98f5-46636f2466ac",
    "modules": [
        {
            "path": [
                "root"
            ],
            "outputs": {
                "dispatcher_topic_arn": {
                    "sensitive": false,
                    "type": "string",
                    "value": "arn:aws:sns:eu-west-2:627160346742:dispatcher"
                },
                "events_topic_arn": {
                    "sensitive": false,
                    "type": "string",
                    "value": "arn:aws:sns:eu-west-2:627160346742:events"
                },
                "referrals_queue_arn": {
                    "sensitive": false,
                    "type": "string",
                    "value": "arn:aws:sqs:eu-west-2:627160346742:referrals"
                },
                "referrals_queue_id": {
                    "sensitive": false,
                    "type": "string",
                    "value": "https://sqs.eu-west-2.amazonaws.com/627160346742/referrals"
                }
            },
            "resources": {
                "aws_sns_topic.dispatcher_topic": {
                    "type": "aws_sns_topic",
                    "depends_on": [],
                    "primary": {
                        "id": "arn:aws:sns:eu-west-2:627160346742:dispatcher",
                        "attributes": {
                            "arn": "arn:aws:sns:eu-west-2:627160346742:dispatcher",
                            "display_name": "",
                            "id": "arn:aws:sns:eu-west-2:627160346742:dispatcher",
                            "name": "dispatcher",
                            "policy": "{\"Id\":\"__default_policy_ID\",\"Statement\":[{\"Action\":[\"SNS:GetTopicAttributes\",\"SNS:SetTopicAttributes\",\"SNS:AddPermission\",\"SNS:RemovePermission\",\"SNS:DeleteTopic\",\"SNS:Subscribe\",\"SNS:ListSubscriptionsByTopic\",\"SNS:Publish\",\"SNS:Receive\"],\"Condition\":{\"StringEquals\":{\"AWS:SourceOwner\":\"627160346742\"}},\"Effect\":\"Allow\",\"Principal\":{\"AWS\":\"*\"},\"Resource\":\"arn:aws:sns:eu-west-2:627160346742:dispatcher\",\"Sid\":\"__default_statement_ID\"}],\"Version\":\"2008-10-17\"}"
                        },
                        "meta": {},
                        "tainted": false
                    },
                    "deposed": [],
                    "provider": ""
                },
                "aws_sns_topic.events_topic": {
                    "type": "aws_sns_topic",
                    "depends_on": [],
                    "primary": {
                        "id": "arn:aws:sns:eu-west-2:627160346742:events",
                        "attributes": {
                            "arn": "arn:aws:sns:eu-west-2:627160346742:events",
                            "display_name": "",
                            "id": "arn:aws:sns:eu-west-2:627160346742:events",
                            "name": "events",
                            "policy": "{\"Id\":\"__default_policy_ID\",\"Statement\":[{\"Action\":[\"SNS:GetTopicAttributes\",\"SNS:SetTopicAttributes\",\"SNS:AddPermission\",\"SNS:RemovePermission\",\"SNS:DeleteTopic\",\"SNS:Subscribe\",\"SNS:ListSubscriptionsByTopic\",\"SNS:Publish\",\"SNS:Receive\"],\"Condition\":{\"StringEquals\":{\"AWS:SourceOwner\":\"627160346742\"}},\"Effect\":\"Allow\",\"Principal\":{\"AWS\":\"*\"},\"Resource\":\"arn:aws:sns:eu-west-2:627160346742:events\",\"Sid\":\"__default_statement_ID\"}],\"Version\":\"2008-10-17\"}"
                        },
                        "meta": {},
                        "tainted": false
                    },
                    "deposed": [],
                    "provider": ""
                },
                "aws_sqs_queue.referrals_queue": {
                    "type": "aws_sqs_queue",
                    "depends_on": [
                        "aws_sqs_queue.referrals_queue_deadletter"
                    ],
                    "primary": {
                        "id": "https://sqs.eu-west-2.amazonaws.com/627160346742/referrals",
                        "attributes": {
                            "arn": "arn:aws:sqs:eu-west-2:627160346742:referrals",
                            "content_based_deduplication": "false",
                            "delay_seconds": "0",
                            "fifo_queue": "false",
                            "id": "https://sqs.eu-west-2.amazonaws.com/627160346742/referrals",
                            "max_message_size": "262144",
                            "message_retention_seconds": "345600",
                            "name": "referrals",
                            "receive_wait_time_seconds": "0",
                            "redrive_policy": "{\"deadLetterTargetArn\":\"arn:aws:sqs:eu-west-2:627160346742:referrals_deadletter\",\"maxReceiveCount\":3}",
                            "visibility_timeout_seconds": "30"
                        },
                        "meta": {},
                        "tainted": false
                    },
                    "deposed": [],
                    "provider": ""
                },
                "aws_sqs_queue.referrals_queue_deadletter": {
                    "type": "aws_sqs_queue",
                    "depends_on": [],
                    "primary": {
                        "id": "https://sqs.eu-west-2.amazonaws.com/627160346742/referrals_deadletter",
                        "attributes": {
                            "arn": "arn:aws:sqs:eu-west-2:627160346742:referrals_deadletter",
                            "content_based_deduplication": "false",
                            "delay_seconds": "0",
                            "fifo_queue": "false",
                            "id": "https://sqs.eu-west-2.amazonaws.com/627160346742/referrals_deadletter",
                            "max_message_size": "262144",
                            "message_retention_seconds": "345600",
                            "name": "referrals_deadletter",
                            "receive_wait_time_seconds": "0",
                            "visibility_timeout_seconds": "30"
                        },
                        "meta": {},
                        "tainted": false
                    },
                    "deposed": [],
                    "provider": ""
                },
                "aws_sqs_queue_policy.referrals_queue_policy": {
                    "type": "aws_sqs_queue_policy",
                    "depends_on": [
                        "aws_sns_topic.dispatcher_topic",
                        "aws_sqs_queue.referrals_queue"
                    ],
                    "primary": {
                        "id": "sqs-policy-https://sqs.eu-west-2.amazonaws.com/627160346742/referrals",
                        "attributes": {
                            "id": "sqs-policy-https://sqs.eu-west-2.amazonaws.com/627160346742/referrals",
                            "policy": "{\"Version\":\"2012-10-17\",\"Id\":\"arn:aws:sqs:eu-west-2:627160346742:referrals/SQSDefaultPolicy\",\"Statement\":[{\"Sid\":\"First\",\"Effect\":\"Allow\",\"Principal\":{\"AWS\":\"*\"},\"Action\":\"SQS:SendMessage\",\"Resource\":\"arn:aws:sqs:eu-west-2:627160346742:referrals\",\"Condition\":{\"ArnEquals\":{\"aws:SourceArn\":\"arn:aws:sns:eu-west-2:627160346742:dispatcher\"}}}]}",
                            "queue_url": "https://sqs.eu-west-2.amazonaws.com/627160346742/referrals"
                        },
                        "meta": {},
                        "tainted": false
                    },
                    "deposed": [],
                    "provider": ""
                }
            },
            "depends_on": []
        }
    ]
}
