{
    "version": 3,
    "terraform_version": "0.9.8",
    "serial": 9,
    "lineage": "64e4fe5f-d547-4b34-98f5-46636f2466ac",
    "modules": [
        {
            "path": [
                "root"
            ],
            "outputs": {},
            "resources": {
                "aws_eip.ip": {
                    "type": "aws_eip",
                    "depends_on": [
                        "aws_instance.example"
                    ],
                    "primary": {
                        "id": "eipalloc-a6ad77cf",
                        "attributes": {
                            "association_id": "eipassoc-2301524a",
                            "domain": "vpc",
                            "id": "eipalloc-a6ad77cf",
                            "instance": "i-072f31f4a38996215",
                            "network_interface": "eni-823fe9f8",
                            "private_ip": "172.31.14.135",
                            "public_ip": "35.177.222.255",
                            "vpc": "true"
                        },
                        "meta": {},
                        "tainted": false
                    },
                    "deposed": [],
                    "provider": ""
                },
                "aws_instance.example": {
                    "type": "aws_instance",
                    "depends_on": [],
                    "primary": {
                        "id": "i-072f31f4a38996215",
                        "attributes": {
                            "ami": "ami-704e5814",
                            "associate_public_ip_address": "true",
                            "availability_zone": "eu-west-2a",
                            "disable_api_termination": "false",
                            "ebs_block_device.#": "0",
                            "ebs_optimized": "false",
                            "ephemeral_block_device.#": "0",
                            "iam_instance_profile": "",
                            "id": "i-072f31f4a38996215",
                            "instance_state": "running",
                            "instance_type": "t2.micro",
                            "ipv6_addresses.#": "0",
                            "key_name": "",
                            "monitoring": "false",
                            "network_interface.#": "0",
                            "network_interface_id": "eni-823fe9f8",
                            "primary_network_interface_id": "eni-823fe9f8",
                            "private_dns": "ip-172-31-14-135.eu-west-2.compute.internal",
                            "private_ip": "172.31.14.135",
                            "public_dns": "ec2-35-177-222-255.eu-west-2.compute.amazonaws.com",
                            "public_ip": "35.177.222.255",
                            "root_block_device.#": "1",
                            "root_block_device.0.delete_on_termination": "true",
                            "root_block_device.0.iops": "100",
                            "root_block_device.0.volume_size": "8",
                            "root_block_device.0.volume_type": "gp2",
                            "security_groups.#": "0",
                            "source_dest_check": "true",
                            "subnet_id": "subnet-24876a5f",
                            "tags.%": "0",
                            "tenancy": "default",
                            "volume_tags.%": "0",
                            "vpc_security_group_ids.#": "1",
                            "vpc_security_group_ids.2465391183": "sg-e97bb780"
                        },
                        "meta": {
                            "e2bfb730-ecaa-11e6-8f88-34363bc7c4c0": {
                                "create": 600000000000,
                                "delete": 600000000000,
                                "update": 600000000000
                            },
                            "schema_version": "1"
                        },
                        "tainted": false
                    },
                    "deposed": [],
                    "provider": ""
                }
            },
            "depends_on": []
        }
    ]
}
